
Microsoft Visual Studio Solution File, Format Version 12.00
# Visual Studio 15
VisualStudioVersion = 15.0.27428.2037
MinimumVisualStudioVersion = 10.0.40219.1
Project("{9A19103F-16F7-4668-BE54-9A1E7A4F7556}") = "Supertext.Base", "Supertext.Base\Supertext.Base.csproj", "{F05FB7F6-67C0-4175-8295-BD3A73932F5A}"
EndProject
Project("{FAE04EC0-301F-11D3-BF4B-00C04F79EFBC}") = "Supertext.Base.Test", "Supertext.Base.Test\Supertext.Base.Test.csproj", "{DC038115-0387-4081-A442-60146826239D}"
EndProject
Project("{9A19103F-16F7-4668-BE54-9A1E7A4F7556}") = "Supertext.Base.Dal", "Supertext.Base.Dal\Supertext.Base.Dal.csproj", "{8ED67663-17CA-48A9-8A69-7329AE894CE7}"
EndProject
Project("{FAE04EC0-301F-11D3-BF4B-00C04F79EFBC}") = "Supertext.Base.NetFramework.Configuration", "Supertext.Base.NetFramework.Configuration\Supertext.Base.NetFramework.Configuration.csproj", "{4EE555FE-8E07-4EB7-8C01-E08320F7DBE1}"
EndProject
Project("{9A19103F-16F7-4668-BE54-9A1E7A4F7556}") = "Supertext.Base.Core.Configuration", "Supertext.Base.Core.Configuration\Supertext.Base.Core.Configuration.csproj", "{7D2FA472-E37C-4E34-8F7B-9275B3CFC6F5}"
EndProject
Project("{9A19103F-16F7-4668-BE54-9A1E7A4F7556}") = "Supertext.Base.Core.Configuration.Specs", "Supertext.Base.Core.Configuration.Specs\Supertext.Base.Core.Configuration.Specs.csproj", "{FF933854-7BE1-487A-B181-55392E92E2BA}"
EndProject
Project("{FAE04EC0-301F-11D3-BF4B-00C04F79EFBC}") = "Supertext.Base.NetFramework.Configuration.Specs", "Supertext.Base.NetFramework.Configuration.Specs\Supertext.Base.NetFramework.Configuration.Specs.csproj", "{22949F50-88AD-4AC0-8C61-7F11155DE7F5}"
EndProject
Project("{9A19103F-16F7-4668-BE54-9A1E7A4F7556}") = "Supertext.Base.IO", "Supertext.Base.IO\Supertext.Base.IO.csproj", "{51C4E24F-C2B6-44D7-9D87-2FD97E9963EE}"
EndProject
Project("{9A19103F-16F7-4668-BE54-9A1E7A4F7556}") = "Supertext.Base.Specs", "Supertext.Base.Specs\Supertext.Base.Specs.csproj", "{050722EB-C955-41D3-8FBD-A994B38F4E96}"
EndProject
Project("{9A19103F-16F7-4668-BE54-9A1E7A4F7556}") = "Supertext.Base.Dal.SqlServer", "Supertext.Base.Dal.SqlServer\Supertext.Base.Dal.SqlServer.csproj", "{88191427-8F6A-443E-98B1-FC4510D05F06}"
EndProject
Project("{9A19103F-16F7-4668-BE54-9A1E7A4F7556}") = "Supertext.Base.Dal.SqlServer.Specs", "Supertext.Base.Dal.SqlServer.Specs\Supertext.Base.Dal.SqlServer.Specs.csproj", "{21F2389A-9672-4AAB-AD82-3F85122236E7}"
EndProject
Project("{9A19103F-16F7-4668-BE54-9A1E7A4F7556}") = "Supertext.Base.Dal.Specs", "Supertext.Base.Dal.Specs\Supertext.Base.Dal.Specs.csproj", "{BFF5C8D2-F28E-48EE-8C7F-9F4E2A47CAB9}"
EndProject
Project("{9A19103F-16F7-4668-BE54-9A1E7A4F7556}") = "Supertext.Base.Test.Utils", "Supertext.Base.Test.Utils\Supertext.Base.Test.Utils.csproj", "{4D9A8BAA-08AF-4BB1-9C34-BA9FC9620C8C}"
EndProject
Project("{FAE04EC0-301F-11D3-BF4B-00C04F79EFBC}") = "Supertext.Base.Net", "Supertext.Base.Net\Supertext.Base.Net.csproj", "{123C3CF5-1205-408D-B142-CACA14890F8F}"
EndProject
Project("{FAE04EC0-301F-11D3-BF4B-00C04F79EFBC}") = "Supertext.Base.Conversion", "Supertext.Base.Conversion\Supertext.Base.Conversion.csproj", "{4FFC7EB9-655D-4ACA-8E4E-E33C7F3A5C7F}"
EndProject
Global
	GlobalSection(SolutionConfigurationPlatforms) = preSolution
		Debug|Any CPU = Debug|Any CPU
		Release|Any CPU = Release|Any CPU
	EndGlobalSection
	GlobalSection(ProjectConfigurationPlatforms) = postSolution
		{F05FB7F6-67C0-4175-8295-BD3A73932F5A}.Debug|Any CPU.ActiveCfg = Debug|Any CPU
		{F05FB7F6-67C0-4175-8295-BD3A73932F5A}.Debug|Any CPU.Build.0 = Debug|Any CPU
		{F05FB7F6-67C0-4175-8295-BD3A73932F5A}.Release|Any CPU.ActiveCfg = Release|Any CPU
		{F05FB7F6-67C0-4175-8295-BD3A73932F5A}.Release|Any CPU.Build.0 = Release|Any CPU
		{DC038115-0387-4081-A442-60146826239D}.Debug|Any CPU.ActiveCfg = Debug|Any CPU
		{DC038115-0387-4081-A442-60146826239D}.Debug|Any CPU.Build.0 = Debug|Any CPU
		{DC038115-0387-4081-A442-60146826239D}.Release|Any CPU.ActiveCfg = Release|Any CPU
		{DC038115-0387-4081-A442-60146826239D}.Release|Any CPU.Build.0 = Release|Any CPU
		{8ED67663-17CA-48A9-8A69-7329AE894CE7}.Debug|Any CPU.ActiveCfg = Debug|Any CPU
		{8ED67663-17CA-48A9-8A69-7329AE894CE7}.Debug|Any CPU.Build.0 = Debug|Any CPU
		{8ED67663-17CA-48A9-8A69-7329AE894CE7}.Release|Any CPU.ActiveCfg = Release|Any CPU
		{8ED67663-17CA-48A9-8A69-7329AE894CE7}.Release|Any CPU.Build.0 = Release|Any CPU
		{4EE555FE-8E07-4EB7-8C01-E08320F7DBE1}.Debug|Any CPU.ActiveCfg = Debug|Any CPU
		{4EE555FE-8E07-4EB7-8C01-E08320F7DBE1}.Debug|Any CPU.Build.0 = Debug|Any CPU
		{4EE555FE-8E07-4EB7-8C01-E08320F7DBE1}.Release|Any CPU.ActiveCfg = Release|Any CPU
		{4EE555FE-8E07-4EB7-8C01-E08320F7DBE1}.Release|Any CPU.Build.0 = Release|Any CPU
		{7D2FA472-E37C-4E34-8F7B-9275B3CFC6F5}.Debug|Any CPU.ActiveCfg = Debug|Any CPU
		{7D2FA472-E37C-4E34-8F7B-9275B3CFC6F5}.Debug|Any CPU.Build.0 = Debug|Any CPU
		{7D2FA472-E37C-4E34-8F7B-9275B3CFC6F5}.Release|Any CPU.ActiveCfg = Release|Any CPU
		{7D2FA472-E37C-4E34-8F7B-9275B3CFC6F5}.Release|Any CPU.Build.0 = Release|Any CPU
		{FF933854-7BE1-487A-B181-55392E92E2BA}.Debug|Any CPU.ActiveCfg = Debug|Any CPU
		{FF933854-7BE1-487A-B181-55392E92E2BA}.Debug|Any CPU.Build.0 = Debug|Any CPU
		{FF933854-7BE1-487A-B181-55392E92E2BA}.Release|Any CPU.ActiveCfg = Release|Any CPU
		{FF933854-7BE1-487A-B181-55392E92E2BA}.Release|Any CPU.Build.0 = Release|Any CPU
		{22949F50-88AD-4AC0-8C61-7F11155DE7F5}.Debug|Any CPU.ActiveCfg = Debug|Any CPU
		{22949F50-88AD-4AC0-8C61-7F11155DE7F5}.Debug|Any CPU.Build.0 = Debug|Any CPU
		{22949F50-88AD-4AC0-8C61-7F11155DE7F5}.Release|Any CPU.ActiveCfg = Release|Any CPU
		{22949F50-88AD-4AC0-8C61-7F11155DE7F5}.Release|Any CPU.Build.0 = Release|Any CPU
		{51C4E24F-C2B6-44D7-9D87-2FD97E9963EE}.Debug|Any CPU.ActiveCfg = Debug|Any CPU
		{51C4E24F-C2B6-44D7-9D87-2FD97E9963EE}.Debug|Any CPU.Build.0 = Debug|Any CPU
		{51C4E24F-C2B6-44D7-9D87-2FD97E9963EE}.Release|Any CPU.ActiveCfg = Release|Any CPU
		{51C4E24F-C2B6-44D7-9D87-2FD97E9963EE}.Release|Any CPU.Build.0 = Release|Any CPU
		{050722EB-C955-41D3-8FBD-A994B38F4E96}.Debug|Any CPU.ActiveCfg = Debug|Any CPU
		{050722EB-C955-41D3-8FBD-A994B38F4E96}.Debug|Any CPU.Build.0 = Debug|Any CPU
		{050722EB-C955-41D3-8FBD-A994B38F4E96}.Release|Any CPU.ActiveCfg = Release|Any CPU
		{050722EB-C955-41D3-8FBD-A994B38F4E96}.Release|Any CPU.Build.0 = Release|Any CPU
		{88191427-8F6A-443E-98B1-FC4510D05F06}.Debug|Any CPU.ActiveCfg = Debug|Any CPU
		{88191427-8F6A-443E-98B1-FC4510D05F06}.Debug|Any CPU.Build.0 = Debug|Any CPU
		{88191427-8F6A-443E-98B1-FC4510D05F06}.Release|Any CPU.ActiveCfg = Release|Any CPU
		{88191427-8F6A-443E-98B1-FC4510D05F06}.Release|Any CPU.Build.0 = Release|Any CPU
		{21F2389A-9672-4AAB-AD82-3F85122236E7}.Debug|Any CPU.ActiveCfg = Debug|Any CPU
		{21F2389A-9672-4AAB-AD82-3F85122236E7}.Debug|Any CPU.Build.0 = Debug|Any CPU
		{21F2389A-9672-4AAB-AD82-3F85122236E7}.Release|Any CPU.ActiveCfg = Release|Any CPU
		{21F2389A-9672-4AAB-AD82-3F85122236E7}.Release|Any CPU.Build.0 = Release|Any CPU
		{BFF5C8D2-F28E-48EE-8C7F-9F4E2A47CAB9}.Debug|Any CPU.ActiveCfg = Debug|Any CPU
		{BFF5C8D2-F28E-48EE-8C7F-9F4E2A47CAB9}.Debug|Any CPU.Build.0 = Debug|Any CPU
		{BFF5C8D2-F28E-48EE-8C7F-9F4E2A47CAB9}.Release|Any CPU.ActiveCfg = Release|Any CPU
		{BFF5C8D2-F28E-48EE-8C7F-9F4E2A47CAB9}.Release|Any CPU.Build.0 = Release|Any CPU
		{4D9A8BAA-08AF-4BB1-9C34-BA9FC9620C8C}.Debug|Any CPU.ActiveCfg = Debug|Any CPU
		{4D9A8BAA-08AF-4BB1-9C34-BA9FC9620C8C}.Debug|Any CPU.Build.0 = Debug|Any CPU
		{4D9A8BAA-08AF-4BB1-9C34-BA9FC9620C8C}.Release|Any CPU.ActiveCfg = Release|Any CPU
		{4D9A8BAA-08AF-4BB1-9C34-BA9FC9620C8C}.Release|Any CPU.Build.0 = Release|Any CPU
		{123C3CF5-1205-408D-B142-CACA14890F8F}.Debug|Any CPU.ActiveCfg = Debug|Any CPU
		{123C3CF5-1205-408D-B142-CACA14890F8F}.Debug|Any CPU.Build.0 = Debug|Any CPU
		{123C3CF5-1205-408D-B142-CACA14890F8F}.Release|Any CPU.ActiveCfg = Release|Any CPU
		{123C3CF5-1205-408D-B142-CACA14890F8F}.Release|Any CPU.Build.0 = Release|Any CPU
		{4FFC7EB9-655D-4ACA-8E4E-E33C7F3A5C7F}.Debug|Any CPU.ActiveCfg = Debug|Any CPU
		{4FFC7EB9-655D-4ACA-8E4E-E33C7F3A5C7F}.Debug|Any CPU.Build.0 = Debug|Any CPU
		{4FFC7EB9-655D-4ACA-8E4E-E33C7F3A5C7F}.Release|Any CPU.ActiveCfg = Release|Any CPU
		{4FFC7EB9-655D-4ACA-8E4E-E33C7F3A5C7F}.Release|Any CPU.Build.0 = Release|Any CPU
	EndGlobalSection
	GlobalSection(SolutionProperties) = preSolution
		HideSolutionNode = FALSE
	EndGlobalSection
	GlobalSection(ExtensibilityGlobals) = postSolution
		SolutionGuid = {843F013D-AF27-4651-9FBC-620FB8340202}
	EndGlobalSection
EndGlobal
