
Microsoft Visual Studio Solution File, Format Version 12.00
# Visual Studio 15
VisualStudioVersion = 15.0.27428.2037
MinimumVisualStudioVersion = 10.0.40219.1
Project("{9A19103F-16F7-4668-BE54-9A1E7A4F7556}") = "Supertext.Base", "Supertext.Base\Supertext.Base.csproj", "{F05FB7F6-67C0-4175-8295-BD3A73932F5A}"
EndProject
Project("{FAE04EC0-301F-11D3-BF4B-00C04F79EFBC}") = "Supertext.Base.Test", "Supertext.Base.Test\Supertext.Base.Test.csproj", "{DC038115-0387-4081-A442-60146826239D}"
EndProject
Project("{9A19103F-16F7-4668-BE54-9A1E7A4F7556}") = "Supertext.Base.Dal", "Supertext.Base.Dal\Supertext.Base.Dal.csproj", "{8ED67663-17CA-48A9-8A69-7329AE894CE7}"
EndProject
Project("{FAE04EC0-301F-11D3-BF4B-00C04F79EFBC}") = "Supertext.Base.Specs", "Supertext.Base.Specs\Supertext.Base.Specs.csproj", "{C934DB76-41AF-48B8-9BB6-0D121E42FCC4}"
EndProject
Project("{FAE04EC0-301F-11D3-BF4B-00C04F79EFBC}") = "Supertext.Base.NetFramework.Configuration", "Supertext.Base.NetFramework.Configuration\Supertext.Base.NetFramework.Configuration.csproj", "{4EE555FE-8E07-4EB7-8C01-E08320F7DBE1}"
EndProject
Global
	GlobalSection(SolutionConfigurationPlatforms) = preSolution
		Debug|Any CPU = Debug|Any CPU
		Release|Any CPU = Release|Any CPU
	EndGlobalSection
	GlobalSection(ProjectConfigurationPlatforms) = postSolution
		{F05FB7F6-67C0-4175-8295-BD3A73932F5A}.Debug|Any CPU.ActiveCfg = Debug|Any CPU
		{F05FB7F6-67C0-4175-8295-BD3A73932F5A}.Debug|Any CPU.Build.0 = Debug|Any CPU
		{F05FB7F6-67C0-4175-8295-BD3A73932F5A}.Release|Any CPU.ActiveCfg = Release|Any CPU
		{F05FB7F6-67C0-4175-8295-BD3A73932F5A}.Release|Any CPU.Build.0 = Release|Any CPU
		{DC038115-0387-4081-A442-60146826239D}.Debug|Any CPU.ActiveCfg = Debug|Any CPU
		{DC038115-0387-4081-A442-60146826239D}.Debug|Any CPU.Build.0 = Debug|Any CPU
		{DC038115-0387-4081-A442-60146826239D}.Release|Any CPU.ActiveCfg = Release|Any CPU
		{DC038115-0387-4081-A442-60146826239D}.Release|Any CPU.Build.0 = Release|Any CPU
		{8ED67663-17CA-48A9-8A69-7329AE894CE7}.Debug|Any CPU.ActiveCfg = Debug|Any CPU
		{8ED67663-17CA-48A9-8A69-7329AE894CE7}.Debug|Any CPU.Build.0 = Debug|Any CPU
		{8ED67663-17CA-48A9-8A69-7329AE894CE7}.Release|Any CPU.ActiveCfg = Release|Any CPU
		{8ED67663-17CA-48A9-8A69-7329AE894CE7}.Release|Any CPU.Build.0 = Release|Any CPU
		{C934DB76-41AF-48B8-9BB6-0D121E42FCC4}.Debug|Any CPU.ActiveCfg = Debug|Any CPU
		{C934DB76-41AF-48B8-9BB6-0D121E42FCC4}.Debug|Any CPU.Build.0 = Debug|Any CPU
		{C934DB76-41AF-48B8-9BB6-0D121E42FCC4}.Release|Any CPU.ActiveCfg = Release|Any CPU
		{C934DB76-41AF-48B8-9BB6-0D121E42FCC4}.Release|Any CPU.Build.0 = Release|Any CPU
		{4EE555FE-8E07-4EB7-8C01-E08320F7DBE1}.Debug|Any CPU.ActiveCfg = Debug|Any CPU
		{4EE555FE-8E07-4EB7-8C01-E08320F7DBE1}.Debug|Any CPU.Build.0 = Debug|Any CPU
		{4EE555FE-8E07-4EB7-8C01-E08320F7DBE1}.Release|Any CPU.ActiveCfg = Release|Any CPU
		{4EE555FE-8E07-4EB7-8C01-E08320F7DBE1}.Release|Any CPU.Build.0 = Release|Any CPU
	EndGlobalSection
	GlobalSection(SolutionProperties) = preSolution
		HideSolutionNode = FALSE
	EndGlobalSection
	GlobalSection(ExtensibilityGlobals) = postSolution
		SolutionGuid = {843F013D-AF27-4651-9FBC-620FB8340202}
	EndGlobalSection
EndGlobal
