
Microsoft Visual Studio Solution File, Format Version 12.00
# Visual Studio Version 16
VisualStudioVersion = 16.0.29609.76
MinimumVisualStudioVersion = 10.0.40219.1
Project("{9A19103F-16F7-4668-BE54-9A1E7A4F7556}") = "Supertext.Base", "Supertext.Base\Supertext.Base.csproj", "{F05FB7F6-67C0-4175-8295-BD3A73932F5A}"
EndProject
Project("{9A19103F-16F7-4668-BE54-9A1E7A4F7556}") = "Supertext.Base.Dal", "Supertext.Base.Dal\Supertext.Base.Dal.csproj", "{8ED67663-17CA-48A9-8A69-7329AE894CE7}"
EndProject
Project("{FAE04EC0-301F-11D3-BF4B-00C04F79EFBC}") = "Supertext.Base.NetFramework.Configuration", "Supertext.Base.NetFramework.Configuration\Supertext.Base.NetFramework.Configuration.csproj", "{4EE555FE-8E07-4EB7-8C01-E08320F7DBE1}"
EndProject
Project("{9A19103F-16F7-4668-BE54-9A1E7A4F7556}") = "Supertext.Base.Core.Configuration", "Supertext.Base.Core.Configuration\Supertext.Base.Core.Configuration.csproj", "{7D2FA472-E37C-4E34-8F7B-9275B3CFC6F5}"
EndProject
Project("{9A19103F-16F7-4668-BE54-9A1E7A4F7556}") = "Supertext.Base.Core.Configuration.Specs", "Supertext.Base.Core.Configuration.Specs\Supertext.Base.Core.Configuration.Specs.csproj", "{FF933854-7BE1-487A-B181-55392E92E2BA}"
EndProject
Project("{FAE04EC0-301F-11D3-BF4B-00C04F79EFBC}") = "Supertext.Base.NetFramework.Configuration.Specs", "Supertext.Base.NetFramework.Configuration.Specs\Supertext.Base.NetFramework.Configuration.Specs.csproj", "{22949F50-88AD-4AC0-8C61-7F11155DE7F5}"
EndProject
Project("{9A19103F-16F7-4668-BE54-9A1E7A4F7556}") = "Supertext.Base.IO", "Supertext.Base.IO\Supertext.Base.IO.csproj", "{51C4E24F-C2B6-44D7-9D87-2FD97E9963EE}"
EndProject
Project("{9A19103F-16F7-4668-BE54-9A1E7A4F7556}") = "Supertext.Base.Specs", "Supertext.Base.Specs\Supertext.Base.Specs.csproj", "{050722EB-C955-41D3-8FBD-A994B38F4E96}"
EndProject
Project("{9A19103F-16F7-4668-BE54-9A1E7A4F7556}") = "Supertext.Base.Dal.SqlServer", "Supertext.Base.Dal.SqlServer\Supertext.Base.Dal.SqlServer.csproj", "{88191427-8F6A-443E-98B1-FC4510D05F06}"
EndProject
Project("{9A19103F-16F7-4668-BE54-9A1E7A4F7556}") = "Supertext.Base.Dal.SqlServer.Specs", "Supertext.Base.Dal.SqlServer.Specs\Supertext.Base.Dal.SqlServer.Specs.csproj", "{21F2389A-9672-4AAB-AD82-3F85122236E7}"
EndProject
Project("{9A19103F-16F7-4668-BE54-9A1E7A4F7556}") = "Supertext.Base.Dal.Specs", "Supertext.Base.Dal.Specs\Supertext.Base.Dal.Specs.csproj", "{BFF5C8D2-F28E-48EE-8C7F-9F4E2A47CAB9}"
EndProject
Project("{9A19103F-16F7-4668-BE54-9A1E7A4F7556}") = "Supertext.Base.Test.Utils", "Supertext.Base.Test.Utils\Supertext.Base.Test.Utils.csproj", "{4D9A8BAA-08AF-4BB1-9C34-BA9FC9620C8C}"
EndProject
Project("{9A19103F-16F7-4668-BE54-9A1E7A4F7556}") = "Supertext.Base.Net", "Supertext.Base.Net\Supertext.Base.Net.csproj", "{123C3CF5-1205-408D-B142-CACA14890F8F}"
EndProject
Project("{9A19103F-16F7-4668-BE54-9A1E7A4F7556}") = "Supertext.Base.Conversion", "Supertext.Base.Conversion\Supertext.Base.Conversion.csproj", "{4FFC7EB9-655D-4ACA-8E4E-E33C7F3A5C7F}"
EndProject
Project("{9A19103F-16F7-4668-BE54-9A1E7A4F7556}") = "Supertext.Base.Tests", "Supertext.Base.Tests\Supertext.Base.Tests.csproj", "{B8AEE43A-51B7-48C2-BAE4-13F62E049FF7}"
EndProject
Project("{9A19103F-16F7-4668-BE54-9A1E7A4F7556}") = "Supertext.Base.Test.Utils.Specs", "Supertext.Base.Test.Utils.Specs\Supertext.Base.Test.Utils.Specs.csproj", "{EDC7F73B-5CB5-4384-BE96-9D9732E031DF}"
EndProject
Project("{2150E333-8FDC-42A3-9474-1A3956D46DE8}") = "Solution Items", "Solution Items", "{C972A9E1-2173-44D0-A896-4608C2EA6D64}"
	ProjectSection(SolutionItems) = preProject
		README.md = README.md
	EndProjectSection
EndProject
Project("{FAE04EC0-301F-11D3-BF4B-00C04F79EFBC}") = "Supertext.Base.NetFramework.Caching", "Supertext.Base.NetFramework.Caching\Supertext.Base.NetFramework.Caching.csproj", "{94C9EFBD-395B-4805-B815-A298825B6F05}"
EndProject
Project("{FAE04EC0-301F-11D3-BF4B-00C04F79EFBC}") = "Supertext.Base.NetFramework.Caching.Specs", "Supertext.Base.NetFramework.Caching.Specs\Supertext.Base.NetFramework.Caching.Specs.csproj", "{116DFAD2-5B92-4E10-A03C-AFFA3414A12D}"
EndProject
Project("{9A19103F-16F7-4668-BE54-9A1E7A4F7556}") = "Supertext.Base.Security", "Supertext.Base.Security\Supertext.Base.Security.csproj", "{F9048F5C-B9CB-4E29-959A-25F1C809247B}"
EndProject
Project("{9A19103F-16F7-4668-BE54-9A1E7A4F7556}") = "Supertext.Base.Identity", "Supertext.Base.Identity\Supertext.Base.Identity.csproj", "{8CC29C1B-2F6B-4757-8B06-F6DD6CE1F1E5}"
EndProject
Project("{9A19103F-16F7-4668-BE54-9A1E7A4F7556}") = "Supertext.Base.Hosting", "Supertext.Base.Hosting\Supertext.Base.Hosting.csproj", "{1968DF32-8482-4DB9-9190-B78B709D432A}"
EndProject
Project("{9A19103F-16F7-4668-BE54-9A1E7A4F7556}") = "Supertext.Base.Hosting.Specs", "Supertext.Base.Hosting.Specs\Supertext.Base.Hosting.Specs.csproj", "{7EF3E619-9B23-412A-9676-898BDC0B270A}"
EndProject
Project("{2150E333-8FDC-42A3-9474-1A3956D46DE8}") = "src", "src", "{AF4F0148-A879-4092-834A-0750B1CB1E86}"
EndProject
Project("{2150E333-8FDC-42A3-9474-1A3956D46DE8}") = "tests", "tests", "{9433911D-A932-4266-B7CE-A95A9276FF35}"
EndProject
Project("{9A19103F-16F7-4668-BE54-9A1E7A4F7556}") = "Supertext.Base.Net.Specs", "Supertext.Base.Core.Specs\Supertext.Base.Net.Specs.csproj", "{5341F48E-DAC1-4B61-A938-FA1F2024C726}"
EndProject
Project("{9A19103F-16F7-4668-BE54-9A1E7A4F7556}") = "Supertext.Base.Security.Specs", "Supertext.Base.Security.Specs\Supertext.Base.Security.Specs.csproj", "{ECD5CF0E-0A7A-40E3-86F0-47FB12FB7A80}"
EndProject
Project("{9A19103F-16F7-4668-BE54-9A1E7A4F7556}") = "Supertext.Base.Test.Mvc", "Supertext.Base.Test.Mvc\Supertext.Base.Test.Mvc.csproj", "{81C92EE9-4DD7-4F1C-A23A-F8160A1BE8DC}"
EndProject
Project("{FAE04EC0-301F-11D3-BF4B-00C04F79EFBC}") = "Supertext.Base.EntityFrameworkCore", "Supertext.Base.EntityFrameworkCore\Supertext.Base.EntityFrameworkCore.csproj", "{87B055FF-E3E2-4D01-A1F3-EACDC6699606}"
EndProject
Global
	GlobalSection(SolutionConfigurationPlatforms) = preSolution
		Debug|Any CPU = Debug|Any CPU
		Release|Any CPU = Release|Any CPU
	EndGlobalSection
	GlobalSection(ProjectConfigurationPlatforms) = postSolution
		{F05FB7F6-67C0-4175-8295-BD3A73932F5A}.Debug|Any CPU.ActiveCfg = Debug|Any CPU
		{F05FB7F6-67C0-4175-8295-BD3A73932F5A}.Debug|Any CPU.Build.0 = Debug|Any CPU
		{F05FB7F6-67C0-4175-8295-BD3A73932F5A}.Release|Any CPU.ActiveCfg = Release|Any CPU
		{F05FB7F6-67C0-4175-8295-BD3A73932F5A}.Release|Any CPU.Build.0 = Release|Any CPU
		{8ED67663-17CA-48A9-8A69-7329AE894CE7}.Debug|Any CPU.ActiveCfg = Debug|Any CPU
		{8ED67663-17CA-48A9-8A69-7329AE894CE7}.Debug|Any CPU.Build.0 = Debug|Any CPU
		{8ED67663-17CA-48A9-8A69-7329AE894CE7}.Release|Any CPU.ActiveCfg = Release|Any CPU
		{8ED67663-17CA-48A9-8A69-7329AE894CE7}.Release|Any CPU.Build.0 = Release|Any CPU
		{4EE555FE-8E07-4EB7-8C01-E08320F7DBE1}.Debug|Any CPU.ActiveCfg = Debug|Any CPU
		{4EE555FE-8E07-4EB7-8C01-E08320F7DBE1}.Debug|Any CPU.Build.0 = Debug|Any CPU
		{4EE555FE-8E07-4EB7-8C01-E08320F7DBE1}.Release|Any CPU.ActiveCfg = Release|Any CPU
		{4EE555FE-8E07-4EB7-8C01-E08320F7DBE1}.Release|Any CPU.Build.0 = Release|Any CPU
		{7D2FA472-E37C-4E34-8F7B-9275B3CFC6F5}.Debug|Any CPU.ActiveCfg = Debug|Any CPU
		{7D2FA472-E37C-4E34-8F7B-9275B3CFC6F5}.Debug|Any CPU.Build.0 = Debug|Any CPU
		{7D2FA472-E37C-4E34-8F7B-9275B3CFC6F5}.Release|Any CPU.ActiveCfg = Release|Any CPU
		{7D2FA472-E37C-4E34-8F7B-9275B3CFC6F5}.Release|Any CPU.Build.0 = Release|Any CPU
		{FF933854-7BE1-487A-B181-55392E92E2BA}.Debug|Any CPU.ActiveCfg = Debug|Any CPU
		{FF933854-7BE1-487A-B181-55392E92E2BA}.Debug|Any CPU.Build.0 = Debug|Any CPU
		{FF933854-7BE1-487A-B181-55392E92E2BA}.Release|Any CPU.ActiveCfg = Release|Any CPU
		{FF933854-7BE1-487A-B181-55392E92E2BA}.Release|Any CPU.Build.0 = Release|Any CPU
		{22949F50-88AD-4AC0-8C61-7F11155DE7F5}.Debug|Any CPU.ActiveCfg = Debug|Any CPU
		{22949F50-88AD-4AC0-8C61-7F11155DE7F5}.Debug|Any CPU.Build.0 = Debug|Any CPU
		{22949F50-88AD-4AC0-8C61-7F11155DE7F5}.Release|Any CPU.ActiveCfg = Release|Any CPU
		{22949F50-88AD-4AC0-8C61-7F11155DE7F5}.Release|Any CPU.Build.0 = Release|Any CPU
		{51C4E24F-C2B6-44D7-9D87-2FD97E9963EE}.Debug|Any CPU.ActiveCfg = Debug|Any CPU
		{51C4E24F-C2B6-44D7-9D87-2FD97E9963EE}.Debug|Any CPU.Build.0 = Debug|Any CPU
		{51C4E24F-C2B6-44D7-9D87-2FD97E9963EE}.Release|Any CPU.ActiveCfg = Release|Any CPU
		{51C4E24F-C2B6-44D7-9D87-2FD97E9963EE}.Release|Any CPU.Build.0 = Release|Any CPU
		{050722EB-C955-41D3-8FBD-A994B38F4E96}.Debug|Any CPU.ActiveCfg = Debug|Any CPU
		{050722EB-C955-41D3-8FBD-A994B38F4E96}.Debug|Any CPU.Build.0 = Debug|Any CPU
		{050722EB-C955-41D3-8FBD-A994B38F4E96}.Release|Any CPU.ActiveCfg = Release|Any CPU
		{050722EB-C955-41D3-8FBD-A994B38F4E96}.Release|Any CPU.Build.0 = Release|Any CPU
		{88191427-8F6A-443E-98B1-FC4510D05F06}.Debug|Any CPU.ActiveCfg = Debug|Any CPU
		{88191427-8F6A-443E-98B1-FC4510D05F06}.Debug|Any CPU.Build.0 = Debug|Any CPU
		{88191427-8F6A-443E-98B1-FC4510D05F06}.Release|Any CPU.ActiveCfg = Release|Any CPU
		{88191427-8F6A-443E-98B1-FC4510D05F06}.Release|Any CPU.Build.0 = Release|Any CPU
		{21F2389A-9672-4AAB-AD82-3F85122236E7}.Debug|Any CPU.ActiveCfg = Debug|Any CPU
		{21F2389A-9672-4AAB-AD82-3F85122236E7}.Debug|Any CPU.Build.0 = Debug|Any CPU
		{21F2389A-9672-4AAB-AD82-3F85122236E7}.Release|Any CPU.ActiveCfg = Release|Any CPU
		{21F2389A-9672-4AAB-AD82-3F85122236E7}.Release|Any CPU.Build.0 = Release|Any CPU
		{BFF5C8D2-F28E-48EE-8C7F-9F4E2A47CAB9}.Debug|Any CPU.ActiveCfg = Debug|Any CPU
		{BFF5C8D2-F28E-48EE-8C7F-9F4E2A47CAB9}.Debug|Any CPU.Build.0 = Debug|Any CPU
		{BFF5C8D2-F28E-48EE-8C7F-9F4E2A47CAB9}.Release|Any CPU.ActiveCfg = Release|Any CPU
		{BFF5C8D2-F28E-48EE-8C7F-9F4E2A47CAB9}.Release|Any CPU.Build.0 = Release|Any CPU
		{4D9A8BAA-08AF-4BB1-9C34-BA9FC9620C8C}.Debug|Any CPU.ActiveCfg = Debug|Any CPU
		{4D9A8BAA-08AF-4BB1-9C34-BA9FC9620C8C}.Debug|Any CPU.Build.0 = Debug|Any CPU
		{4D9A8BAA-08AF-4BB1-9C34-BA9FC9620C8C}.Release|Any CPU.ActiveCfg = Release|Any CPU
		{4D9A8BAA-08AF-4BB1-9C34-BA9FC9620C8C}.Release|Any CPU.Build.0 = Release|Any CPU
		{123C3CF5-1205-408D-B142-CACA14890F8F}.Debug|Any CPU.ActiveCfg = Debug|Any CPU
		{123C3CF5-1205-408D-B142-CACA14890F8F}.Debug|Any CPU.Build.0 = Debug|Any CPU
		{123C3CF5-1205-408D-B142-CACA14890F8F}.Release|Any CPU.ActiveCfg = Release|Any CPU
		{123C3CF5-1205-408D-B142-CACA14890F8F}.Release|Any CPU.Build.0 = Release|Any CPU
		{4FFC7EB9-655D-4ACA-8E4E-E33C7F3A5C7F}.Debug|Any CPU.ActiveCfg = Debug|Any CPU
		{4FFC7EB9-655D-4ACA-8E4E-E33C7F3A5C7F}.Debug|Any CPU.Build.0 = Debug|Any CPU
		{4FFC7EB9-655D-4ACA-8E4E-E33C7F3A5C7F}.Release|Any CPU.ActiveCfg = Release|Any CPU
		{4FFC7EB9-655D-4ACA-8E4E-E33C7F3A5C7F}.Release|Any CPU.Build.0 = Release|Any CPU
		{B8AEE43A-51B7-48C2-BAE4-13F62E049FF7}.Debug|Any CPU.ActiveCfg = Debug|Any CPU
		{B8AEE43A-51B7-48C2-BAE4-13F62E049FF7}.Debug|Any CPU.Build.0 = Debug|Any CPU
		{B8AEE43A-51B7-48C2-BAE4-13F62E049FF7}.Release|Any CPU.ActiveCfg = Release|Any CPU
		{B8AEE43A-51B7-48C2-BAE4-13F62E049FF7}.Release|Any CPU.Build.0 = Release|Any CPU
		{EDC7F73B-5CB5-4384-BE96-9D9732E031DF}.Debug|Any CPU.ActiveCfg = Debug|Any CPU
		{EDC7F73B-5CB5-4384-BE96-9D9732E031DF}.Debug|Any CPU.Build.0 = Debug|Any CPU
		{EDC7F73B-5CB5-4384-BE96-9D9732E031DF}.Release|Any CPU.ActiveCfg = Release|Any CPU
		{EDC7F73B-5CB5-4384-BE96-9D9732E031DF}.Release|Any CPU.Build.0 = Release|Any CPU
		{94C9EFBD-395B-4805-B815-A298825B6F05}.Debug|Any CPU.ActiveCfg = Debug|Any CPU
		{94C9EFBD-395B-4805-B815-A298825B6F05}.Debug|Any CPU.Build.0 = Debug|Any CPU
		{94C9EFBD-395B-4805-B815-A298825B6F05}.Release|Any CPU.ActiveCfg = Release|Any CPU
		{94C9EFBD-395B-4805-B815-A298825B6F05}.Release|Any CPU.Build.0 = Release|Any CPU
		{116DFAD2-5B92-4E10-A03C-AFFA3414A12D}.Debug|Any CPU.ActiveCfg = Debug|Any CPU
		{116DFAD2-5B92-4E10-A03C-AFFA3414A12D}.Debug|Any CPU.Build.0 = Debug|Any CPU
		{116DFAD2-5B92-4E10-A03C-AFFA3414A12D}.Release|Any CPU.ActiveCfg = Release|Any CPU
		{116DFAD2-5B92-4E10-A03C-AFFA3414A12D}.Release|Any CPU.Build.0 = Release|Any CPU
		{F9048F5C-B9CB-4E29-959A-25F1C809247B}.Debug|Any CPU.ActiveCfg = Debug|Any CPU
		{F9048F5C-B9CB-4E29-959A-25F1C809247B}.Debug|Any CPU.Build.0 = Debug|Any CPU
		{F9048F5C-B9CB-4E29-959A-25F1C809247B}.Release|Any CPU.ActiveCfg = Release|Any CPU
		{F9048F5C-B9CB-4E29-959A-25F1C809247B}.Release|Any CPU.Build.0 = Release|Any CPU
		{8CC29C1B-2F6B-4757-8B06-F6DD6CE1F1E5}.Debug|Any CPU.ActiveCfg = Debug|Any CPU
		{8CC29C1B-2F6B-4757-8B06-F6DD6CE1F1E5}.Debug|Any CPU.Build.0 = Debug|Any CPU
		{8CC29C1B-2F6B-4757-8B06-F6DD6CE1F1E5}.Release|Any CPU.ActiveCfg = Release|Any CPU
		{8CC29C1B-2F6B-4757-8B06-F6DD6CE1F1E5}.Release|Any CPU.Build.0 = Release|Any CPU
		{1968DF32-8482-4DB9-9190-B78B709D432A}.Debug|Any CPU.ActiveCfg = Debug|Any CPU
		{1968DF32-8482-4DB9-9190-B78B709D432A}.Debug|Any CPU.Build.0 = Debug|Any CPU
		{1968DF32-8482-4DB9-9190-B78B709D432A}.Release|Any CPU.ActiveCfg = Release|Any CPU
		{1968DF32-8482-4DB9-9190-B78B709D432A}.Release|Any CPU.Build.0 = Release|Any CPU
		{7EF3E619-9B23-412A-9676-898BDC0B270A}.Debug|Any CPU.ActiveCfg = Debug|Any CPU
		{7EF3E619-9B23-412A-9676-898BDC0B270A}.Debug|Any CPU.Build.0 = Debug|Any CPU
		{7EF3E619-9B23-412A-9676-898BDC0B270A}.Release|Any CPU.ActiveCfg = Release|Any CPU
		{7EF3E619-9B23-412A-9676-898BDC0B270A}.Release|Any CPU.Build.0 = Release|Any CPU
		{5341F48E-DAC1-4B61-A938-FA1F2024C726}.Debug|Any CPU.ActiveCfg = Debug|Any CPU
		{5341F48E-DAC1-4B61-A938-FA1F2024C726}.Debug|Any CPU.Build.0 = Debug|Any CPU
		{5341F48E-DAC1-4B61-A938-FA1F2024C726}.Release|Any CPU.ActiveCfg = Release|Any CPU
		{5341F48E-DAC1-4B61-A938-FA1F2024C726}.Release|Any CPU.Build.0 = Release|Any CPU
		{ECD5CF0E-0A7A-40E3-86F0-47FB12FB7A80}.Debug|Any CPU.ActiveCfg = Debug|Any CPU
		{ECD5CF0E-0A7A-40E3-86F0-47FB12FB7A80}.Debug|Any CPU.Build.0 = Debug|Any CPU
		{ECD5CF0E-0A7A-40E3-86F0-47FB12FB7A80}.Release|Any CPU.ActiveCfg = Release|Any CPU
		{ECD5CF0E-0A7A-40E3-86F0-47FB12FB7A80}.Release|Any CPU.Build.0 = Release|Any CPU
		{81C92EE9-4DD7-4F1C-A23A-F8160A1BE8DC}.Debug|Any CPU.ActiveCfg = Debug|Any CPU
		{81C92EE9-4DD7-4F1C-A23A-F8160A1BE8DC}.Debug|Any CPU.Build.0 = Debug|Any CPU
		{81C92EE9-4DD7-4F1C-A23A-F8160A1BE8DC}.Release|Any CPU.ActiveCfg = Release|Any CPU
		{81C92EE9-4DD7-4F1C-A23A-F8160A1BE8DC}.Release|Any CPU.Build.0 = Release|Any CPU
		{87B055FF-E3E2-4D01-A1F3-EACDC6699606}.Debug|Any CPU.ActiveCfg = Debug|Any CPU
		{87B055FF-E3E2-4D01-A1F3-EACDC6699606}.Debug|Any CPU.Build.0 = Debug|Any CPU
		{87B055FF-E3E2-4D01-A1F3-EACDC6699606}.Release|Any CPU.ActiveCfg = Release|Any CPU
		{87B055FF-E3E2-4D01-A1F3-EACDC6699606}.Release|Any CPU.Build.0 = Release|Any CPU
	EndGlobalSection
	GlobalSection(SolutionProperties) = preSolution
		HideSolutionNode = FALSE
	EndGlobalSection
	GlobalSection(NestedProjects) = preSolution
		{F05FB7F6-67C0-4175-8295-BD3A73932F5A} = {AF4F0148-A879-4092-834A-0750B1CB1E86}
		{8ED67663-17CA-48A9-8A69-7329AE894CE7} = {AF4F0148-A879-4092-834A-0750B1CB1E86}
		{4EE555FE-8E07-4EB7-8C01-E08320F7DBE1} = {AF4F0148-A879-4092-834A-0750B1CB1E86}
		{7D2FA472-E37C-4E34-8F7B-9275B3CFC6F5} = {AF4F0148-A879-4092-834A-0750B1CB1E86}
		{FF933854-7BE1-487A-B181-55392E92E2BA} = {9433911D-A932-4266-B7CE-A95A9276FF35}
		{22949F50-88AD-4AC0-8C61-7F11155DE7F5} = {9433911D-A932-4266-B7CE-A95A9276FF35}
		{51C4E24F-C2B6-44D7-9D87-2FD97E9963EE} = {AF4F0148-A879-4092-834A-0750B1CB1E86}
		{050722EB-C955-41D3-8FBD-A994B38F4E96} = {9433911D-A932-4266-B7CE-A95A9276FF35}
		{88191427-8F6A-443E-98B1-FC4510D05F06} = {AF4F0148-A879-4092-834A-0750B1CB1E86}
		{21F2389A-9672-4AAB-AD82-3F85122236E7} = {9433911D-A932-4266-B7CE-A95A9276FF35}
		{BFF5C8D2-F28E-48EE-8C7F-9F4E2A47CAB9} = {9433911D-A932-4266-B7CE-A95A9276FF35}
		{4D9A8BAA-08AF-4BB1-9C34-BA9FC9620C8C} = {AF4F0148-A879-4092-834A-0750B1CB1E86}
		{123C3CF5-1205-408D-B142-CACA14890F8F} = {AF4F0148-A879-4092-834A-0750B1CB1E86}
		{4FFC7EB9-655D-4ACA-8E4E-E33C7F3A5C7F} = {AF4F0148-A879-4092-834A-0750B1CB1E86}
		{B8AEE43A-51B7-48C2-BAE4-13F62E049FF7} = {9433911D-A932-4266-B7CE-A95A9276FF35}
		{EDC7F73B-5CB5-4384-BE96-9D9732E031DF} = {9433911D-A932-4266-B7CE-A95A9276FF35}
		{94C9EFBD-395B-4805-B815-A298825B6F05} = {AF4F0148-A879-4092-834A-0750B1CB1E86}
		{116DFAD2-5B92-4E10-A03C-AFFA3414A12D} = {9433911D-A932-4266-B7CE-A95A9276FF35}
		{F9048F5C-B9CB-4E29-959A-25F1C809247B} = {AF4F0148-A879-4092-834A-0750B1CB1E86}
		{8CC29C1B-2F6B-4757-8B06-F6DD6CE1F1E5} = {AF4F0148-A879-4092-834A-0750B1CB1E86}
		{1968DF32-8482-4DB9-9190-B78B709D432A} = {AF4F0148-A879-4092-834A-0750B1CB1E86}
		{7EF3E619-9B23-412A-9676-898BDC0B270A} = {9433911D-A932-4266-B7CE-A95A9276FF35}
		{5341F48E-DAC1-4B61-A938-FA1F2024C726} = {9433911D-A932-4266-B7CE-A95A9276FF35}
		{ECD5CF0E-0A7A-40E3-86F0-47FB12FB7A80} = {9433911D-A932-4266-B7CE-A95A9276FF35}
		{81C92EE9-4DD7-4F1C-A23A-F8160A1BE8DC} = {AF4F0148-A879-4092-834A-0750B1CB1E86}
		{87B055FF-E3E2-4D01-A1F3-EACDC6699606} = {AF4F0148-A879-4092-834A-0750B1CB1E86}
	EndGlobalSection
	GlobalSection(ExtensibilityGlobals) = postSolution
		SolutionGuid = {843F013D-AF27-4651-9FBC-620FB8340202}
	EndGlobalSection
EndGlobal
